
Microsoft Visual Studio Solution File, Format Version 12.00
# Visual Studio Version 16
VisualStudioVersion = 16.0.31321.278
MinimumVisualStudioVersion = 10.0.40219.1
Project("{9A19103F-16F7-4668-BE54-9A1E7A4F7556}") = "MockSuppliersServerApp", "MockSuppliersServerApp\MockSuppliersServerApp.csproj", "{F3CF7399-63AF-4566-A7F9-D6A162BDF93C}"
EndProject
Project("{9A19103F-16F7-4668-BE54-9A1E7A4F7556}") = "ClientServiceApp", "ClientServiceApp\ClientServiceApp.csproj", "{B6C2949F-CDBF-4098-8739-F6044F95FA69}"
EndProject
Global
	GlobalSection(SolutionConfigurationPlatforms) = preSolution
		Debug|Any CPU = Debug|Any CPU
		Release|Any CPU = Release|Any CPU
	EndGlobalSection
	GlobalSection(ProjectConfigurationPlatforms) = postSolution
		{F3CF7399-63AF-4566-A7F9-D6A162BDF93C}.Debug|Any CPU.ActiveCfg = Debug|Any CPU
		{F3CF7399-63AF-4566-A7F9-D6A162BDF93C}.Debug|Any CPU.Build.0 = Debug|Any CPU
		{F3CF7399-63AF-4566-A7F9-D6A162BDF93C}.Release|Any CPU.ActiveCfg = Release|Any CPU
		{F3CF7399-63AF-4566-A7F9-D6A162BDF93C}.Release|Any CPU.Build.0 = Release|Any CPU
		{B6C2949F-CDBF-4098-8739-F6044F95FA69}.Debug|Any CPU.ActiveCfg = Debug|Any CPU
		{B6C2949F-CDBF-4098-8739-F6044F95FA69}.Debug|Any CPU.Build.0 = Debug|Any CPU
		{B6C2949F-CDBF-4098-8739-F6044F95FA69}.Release|Any CPU.ActiveCfg = Release|Any CPU
		{B6C2949F-CDBF-4098-8739-F6044F95FA69}.Release|Any CPU.Build.0 = Release|Any CPU
	EndGlobalSection
	GlobalSection(SolutionProperties) = preSolution
		HideSolutionNode = FALSE
	EndGlobalSection
	GlobalSection(ExtensibilityGlobals) = postSolution
		SolutionGuid = {4CC747A3-D736-431F-943C-D7C7EFFD2671}
	EndGlobalSection
EndGlobal
